
Microsoft Visual Studio Solution File, Format Version 12.00
Project("{2150E333-8FDC-42A3-9474-1A3956D46DE8}") = "custom-sql", "custom-sql", "{06F195DA-044A-40CE-AF25-834BFA59DF4F}"
EndProject
Project("{2150E333-8FDC-42A3-9474-1A3956D46DE8}") = "src", "src", "{BD957548-9595-4AE2-B810-5378FB01166B}"
EndProject
Project("{FAE04EC0-301F-11D3-BF4B-00C04F79EFBC}") = "EF.Toolkits.CustomSql", "src\custom-sql\EF.Toolkits.CustomSql\EF.Toolkits.CustomSql.csproj", "{1D0950E4-7EDB-4798-A98C-400BA41C37C2}"
EndProject
Project("{2150E333-8FDC-42A3-9474-1A3956D46DE8}") = "tests", "tests", "{A79FF7D2-0A5D-4991-8721-F592067300D3}"
EndProject
Project("{FAE04EC0-301F-11D3-BF4B-00C04F79EFBC}") = "EF.Toolkits.Shared", "src\EF.Toolkits.Shared\EF.Toolkits.Shared.csproj", "{F89E7108-B9D3-4276-81EF-CBA6AB9B931C}"
EndProject
Project("{2150E333-8FDC-42A3-9474-1A3956D46DE8}") = "auto-comments", "auto-comments", "{662E0C39-6AE2-4556-9971-4FD616FE4E49}"
EndProject
Project("{FAE04EC0-301F-11D3-BF4B-00C04F79EFBC}") = "EF.Toolkits.AutoComments", "src\auto-comments\EF.Toolkits.AutoComments\EF.Toolkits.AutoComments.csproj", "{7DA38CE1-BE3C-4BE7-8AE1-56DE5D31A176}"
EndProject
Project("{2150E333-8FDC-42A3-9474-1A3956D46DE8}") = "shared", "shared", "{B3074199-5506-47F1-9A97-0B5CAE740390}"
EndProject
Project("{FAE04EC0-301F-11D3-BF4B-00C04F79EFBC}") = "EF.Toolkits.Tests", "tests\EF.Toolkits.Tests\EF.Toolkits.Tests.csproj", "{AB42DD02-490C-425D-A688-3BCAA7DEA4E9}"
EndProject
Project("{FAE04EC0-301F-11D3-BF4B-00C04F79EFBC}") = "EF.Toolkits.CustomSql.Triggers", "src\custom-sql\EF.Toolkits.CustomSql.Triggers\EF.Toolkits.CustomSql.Triggers.csproj", "{A0A6A2CF-832C-47D4-BD27-D9EAE61E6785}"
EndProject
Project("{2150E333-8FDC-42A3-9474-1A3956D46DE8}") = "providers", "providers", "{65EF3DEC-068F-470C-B5DB-B660AFC55EE0}"
EndProject
Project("{FAE04EC0-301F-11D3-BF4B-00C04F79EFBC}") = "EF.Toolkits.CustomSql.Triggers.Postgresql", "src\custom-sql\providers\EF.Toolkits.CustomSql.Triggers.Postgresql\EF.Toolkits.CustomSql.Triggers.Postgresql.csproj", "{4E9E5163-C80B-4ED0-A0A9-7F34938555E7}"
EndProject
Global
	GlobalSection(SolutionConfigurationPlatforms) = preSolution
		Debug|Any CPU = Debug|Any CPU
		Release|Any CPU = Release|Any CPU
	EndGlobalSection
	GlobalSection(NestedProjects) = preSolution
		{06F195DA-044A-40CE-AF25-834BFA59DF4F} = {BD957548-9595-4AE2-B810-5378FB01166B}
		{1D0950E4-7EDB-4798-A98C-400BA41C37C2} = {06F195DA-044A-40CE-AF25-834BFA59DF4F}
		{662E0C39-6AE2-4556-9971-4FD616FE4E49} = {BD957548-9595-4AE2-B810-5378FB01166B}
		{7DA38CE1-BE3C-4BE7-8AE1-56DE5D31A176} = {662E0C39-6AE2-4556-9971-4FD616FE4E49}
		{B3074199-5506-47F1-9A97-0B5CAE740390} = {BD957548-9595-4AE2-B810-5378FB01166B}
		{F89E7108-B9D3-4276-81EF-CBA6AB9B931C} = {B3074199-5506-47F1-9A97-0B5CAE740390}
		{AB42DD02-490C-425D-A688-3BCAA7DEA4E9} = {A79FF7D2-0A5D-4991-8721-F592067300D3}
		{A0A6A2CF-832C-47D4-BD27-D9EAE61E6785} = {06F195DA-044A-40CE-AF25-834BFA59DF4F}
		{65EF3DEC-068F-470C-B5DB-B660AFC55EE0} = {06F195DA-044A-40CE-AF25-834BFA59DF4F}
		{4E9E5163-C80B-4ED0-A0A9-7F34938555E7} = {65EF3DEC-068F-470C-B5DB-B660AFC55EE0}
	EndGlobalSection
	GlobalSection(ProjectConfigurationPlatforms) = postSolution
		{1D0950E4-7EDB-4798-A98C-400BA41C37C2}.Debug|Any CPU.ActiveCfg = Debug|Any CPU
		{1D0950E4-7EDB-4798-A98C-400BA41C37C2}.Debug|Any CPU.Build.0 = Debug|Any CPU
		{1D0950E4-7EDB-4798-A98C-400BA41C37C2}.Release|Any CPU.ActiveCfg = Release|Any CPU
		{1D0950E4-7EDB-4798-A98C-400BA41C37C2}.Release|Any CPU.Build.0 = Release|Any CPU
		{F89E7108-B9D3-4276-81EF-CBA6AB9B931C}.Debug|Any CPU.ActiveCfg = Debug|Any CPU
		{F89E7108-B9D3-4276-81EF-CBA6AB9B931C}.Debug|Any CPU.Build.0 = Debug|Any CPU
		{F89E7108-B9D3-4276-81EF-CBA6AB9B931C}.Release|Any CPU.ActiveCfg = Release|Any CPU
		{F89E7108-B9D3-4276-81EF-CBA6AB9B931C}.Release|Any CPU.Build.0 = Release|Any CPU
		{7DA38CE1-BE3C-4BE7-8AE1-56DE5D31A176}.Debug|Any CPU.ActiveCfg = Debug|Any CPU
		{7DA38CE1-BE3C-4BE7-8AE1-56DE5D31A176}.Debug|Any CPU.Build.0 = Debug|Any CPU
		{7DA38CE1-BE3C-4BE7-8AE1-56DE5D31A176}.Release|Any CPU.ActiveCfg = Release|Any CPU
		{7DA38CE1-BE3C-4BE7-8AE1-56DE5D31A176}.Release|Any CPU.Build.0 = Release|Any CPU
		{AB42DD02-490C-425D-A688-3BCAA7DEA4E9}.Debug|Any CPU.ActiveCfg = Debug|Any CPU
		{AB42DD02-490C-425D-A688-3BCAA7DEA4E9}.Debug|Any CPU.Build.0 = Debug|Any CPU
		{AB42DD02-490C-425D-A688-3BCAA7DEA4E9}.Release|Any CPU.ActiveCfg = Release|Any CPU
		{AB42DD02-490C-425D-A688-3BCAA7DEA4E9}.Release|Any CPU.Build.0 = Release|Any CPU
		{A0A6A2CF-832C-47D4-BD27-D9EAE61E6785}.Debug|Any CPU.ActiveCfg = Debug|Any CPU
		{A0A6A2CF-832C-47D4-BD27-D9EAE61E6785}.Debug|Any CPU.Build.0 = Debug|Any CPU
		{A0A6A2CF-832C-47D4-BD27-D9EAE61E6785}.Release|Any CPU.ActiveCfg = Release|Any CPU
		{A0A6A2CF-832C-47D4-BD27-D9EAE61E6785}.Release|Any CPU.Build.0 = Release|Any CPU
		{4E9E5163-C80B-4ED0-A0A9-7F34938555E7}.Debug|Any CPU.ActiveCfg = Debug|Any CPU
		{4E9E5163-C80B-4ED0-A0A9-7F34938555E7}.Debug|Any CPU.Build.0 = Debug|Any CPU
		{4E9E5163-C80B-4ED0-A0A9-7F34938555E7}.Release|Any CPU.ActiveCfg = Release|Any CPU
		{4E9E5163-C80B-4ED0-A0A9-7F34938555E7}.Release|Any CPU.Build.0 = Release|Any CPU
	EndGlobalSection
EndGlobal
